
Microsoft Visual Studio Solution File, Format Version 12.00
# Visual Studio Version 17
VisualStudioVersion = 17.7.34031.279
MinimumVisualStudioVersion = 10.0.40219.1
Project("{8BC9CEB8-8B4A-11D0-8D11-00A0C91BC942}") = "Lab_06_2_it", "Lab_06_2_it\Lab_06_2_it.vcxproj", "{E9C70C83-25EB-435D-B72D-29ECE273C014}"
EndProject
Project("{8BC9CEB8-8B4A-11D0-8D11-00A0C91BC942}") = "UnitTest1", "UnitTest1\UnitTest1.vcxproj", "{15F8DA76-6C45-426D-9779-039BBF5DA9AE}"
EndProject
Global
	GlobalSection(SolutionConfigurationPlatforms) = preSolution
		Debug|x64 = Debug|x64
		Debug|x86 = Debug|x86
		Release|x64 = Release|x64
		Release|x86 = Release|x86
	EndGlobalSection
	GlobalSection(ProjectConfigurationPlatforms) = postSolution
		{E9C70C83-25EB-435D-B72D-29ECE273C014}.Debug|x64.ActiveCfg = Debug|x64
		{E9C70C83-25EB-435D-B72D-29ECE273C014}.Debug|x64.Build.0 = Debug|x64
		{E9C70C83-25EB-435D-B72D-29ECE273C014}.Debug|x86.ActiveCfg = Debug|Win32
		{E9C70C83-25EB-435D-B72D-29ECE273C014}.Debug|x86.Build.0 = Debug|Win32
		{E9C70C83-25EB-435D-B72D-29ECE273C014}.Release|x64.ActiveCfg = Release|x64
		{E9C70C83-25EB-435D-B72D-29ECE273C014}.Release|x64.Build.0 = Release|x64
		{E9C70C83-25EB-435D-B72D-29ECE273C014}.Release|x86.ActiveCfg = Release|Win32
		{E9C70C83-25EB-435D-B72D-29ECE273C014}.Release|x86.Build.0 = Release|Win32
		{15F8DA76-6C45-426D-9779-039BBF5DA9AE}.Debug|x64.ActiveCfg = Debug|x64
		{15F8DA76-6C45-426D-9779-039BBF5DA9AE}.Debug|x64.Build.0 = Debug|x64
		{15F8DA76-6C45-426D-9779-039BBF5DA9AE}.Debug|x86.ActiveCfg = Debug|Win32
		{15F8DA76-6C45-426D-9779-039BBF5DA9AE}.Debug|x86.Build.0 = Debug|Win32
		{15F8DA76-6C45-426D-9779-039BBF5DA9AE}.Release|x64.ActiveCfg = Release|x64
		{15F8DA76-6C45-426D-9779-039BBF5DA9AE}.Release|x64.Build.0 = Release|x64
		{15F8DA76-6C45-426D-9779-039BBF5DA9AE}.Release|x86.ActiveCfg = Release|Win32
		{15F8DA76-6C45-426D-9779-039BBF5DA9AE}.Release|x86.Build.0 = Release|Win32
	EndGlobalSection
	GlobalSection(SolutionProperties) = preSolution
		HideSolutionNode = FALSE
	EndGlobalSection
	GlobalSection(ExtensibilityGlobals) = postSolution
		SolutionGuid = {D595D0F2-D180-49C0-BC01-C8AEA66266E2}
	EndGlobalSection
EndGlobal
